
Microsoft Visual Studio Solution File, Format Version 12.00
# Visual Studio Version 17
VisualStudioVersion = 17.14.36429.23 d17.14
MinimumVisualStudioVersion = 10.0.40219.1
Project("{FAE04EC0-301F-11D3-BF4B-00C04F79EFBC}") = "Shi_lab1_Petapp", "Shi_lab1_Petapp\Shi_lab1_Petapp.csproj", "{F268C75B-5CE8-44F7-B339-B671D7A7E200}"
EndProject
Global
	GlobalSection(SolutionConfigurationPlatforms) = preSolution
		Debug|Any CPU = Debug|Any CPU
		Release|Any CPU = Release|Any CPU
	EndGlobalSection
	GlobalSection(ProjectConfigurationPlatforms) = postSolution
		{F268C75B-5CE8-44F7-B339-B671D7A7E200}.Debug|Any CPU.ActiveCfg = Debug|Any CPU
		{F268C75B-5CE8-44F7-B339-B671D7A7E200}.Debug|Any CPU.Build.0 = Debug|Any CPU
		{F268C75B-5CE8-44F7-B339-B671D7A7E200}.Release|Any CPU.ActiveCfg = Release|Any CPU
		{F268C75B-5CE8-44F7-B339-B671D7A7E200}.Release|Any CPU.Build.0 = Release|Any CPU
	EndGlobalSection
	GlobalSection(SolutionProperties) = preSolution
		HideSolutionNode = FALSE
	EndGlobalSection
	GlobalSection(ExtensibilityGlobals) = postSolution
		SolutionGuid = {08B03E24-6659-40E3-9D43-3F3384B5DFF0}
	EndGlobalSection
EndGlobal
